
Microsoft Visual Studio Solution File, Format Version 12.00
# Visual Studio Version 16
VisualStudioVersion = 16.0.30803.129
MinimumVisualStudioVersion = 10.0.40219.1
Project("{9A19103F-16F7-4668-BE54-9A1E7A4F7556}") = "ChatFlow", "ChatFlow\ChatFlow.csproj", "{16F5ACE9-FCF0-474B-A01C-52AE70B6E607}"
EndProject
Project("{9A19103F-16F7-4668-BE54-9A1E7A4F7556}") = "Models", "Models\Models.csproj", "{05CA5741-AB55-4AE5-A2E1-89ECCE522B6B}"
EndProject
Project("{9A19103F-16F7-4668-BE54-9A1E7A4F7556}") = "Data", "Data\Data.csproj", "{D9FCDB45-994C-432C-96D7-4F606E854416}"
	ProjectSection(ProjectDependencies) = postProject
		{05CA5741-AB55-4AE5-A2E1-89ECCE522B6B} = {05CA5741-AB55-4AE5-A2E1-89ECCE522B6B}
	EndProjectSection
EndProject
Project("{9A19103F-16F7-4668-BE54-9A1E7A4F7556}") = "Repository", "Repository\Repository.csproj", "{8889DA4E-524D-4225-8874-1C3295922913}"
EndProject
Project("{FAE04EC0-301F-11D3-BF4B-00C04F79EFBC}") = "Logic", "Logic\Logic.csproj", "{DAFC549C-0113-454A-B7E5-1B873022A1D7}"
EndProject
Global
	GlobalSection(SolutionConfigurationPlatforms) = preSolution
		Debug|Any CPU = Debug|Any CPU
		Release|Any CPU = Release|Any CPU
	EndGlobalSection
	GlobalSection(ProjectConfigurationPlatforms) = postSolution
		{16F5ACE9-FCF0-474B-A01C-52AE70B6E607}.Debug|Any CPU.ActiveCfg = Debug|Any CPU
		{16F5ACE9-FCF0-474B-A01C-52AE70B6E607}.Debug|Any CPU.Build.0 = Debug|Any CPU
		{16F5ACE9-FCF0-474B-A01C-52AE70B6E607}.Release|Any CPU.ActiveCfg = Release|Any CPU
		{16F5ACE9-FCF0-474B-A01C-52AE70B6E607}.Release|Any CPU.Build.0 = Release|Any CPU
		{05CA5741-AB55-4AE5-A2E1-89ECCE522B6B}.Debug|Any CPU.ActiveCfg = Debug|Any CPU
		{05CA5741-AB55-4AE5-A2E1-89ECCE522B6B}.Debug|Any CPU.Build.0 = Debug|Any CPU
		{05CA5741-AB55-4AE5-A2E1-89ECCE522B6B}.Release|Any CPU.ActiveCfg = Release|Any CPU
		{05CA5741-AB55-4AE5-A2E1-89ECCE522B6B}.Release|Any CPU.Build.0 = Release|Any CPU
		{D9FCDB45-994C-432C-96D7-4F606E854416}.Debug|Any CPU.ActiveCfg = Debug|Any CPU
		{D9FCDB45-994C-432C-96D7-4F606E854416}.Debug|Any CPU.Build.0 = Debug|Any CPU
		{D9FCDB45-994C-432C-96D7-4F606E854416}.Release|Any CPU.ActiveCfg = Release|Any CPU
		{D9FCDB45-994C-432C-96D7-4F606E854416}.Release|Any CPU.Build.0 = Release|Any CPU
		{8889DA4E-524D-4225-8874-1C3295922913}.Debug|Any CPU.ActiveCfg = Debug|Any CPU
		{8889DA4E-524D-4225-8874-1C3295922913}.Debug|Any CPU.Build.0 = Debug|Any CPU
		{8889DA4E-524D-4225-8874-1C3295922913}.Release|Any CPU.ActiveCfg = Release|Any CPU
		{8889DA4E-524D-4225-8874-1C3295922913}.Release|Any CPU.Build.0 = Release|Any CPU
		{DAFC549C-0113-454A-B7E5-1B873022A1D7}.Debug|Any CPU.ActiveCfg = Debug|Any CPU
		{DAFC549C-0113-454A-B7E5-1B873022A1D7}.Debug|Any CPU.Build.0 = Debug|Any CPU
		{DAFC549C-0113-454A-B7E5-1B873022A1D7}.Release|Any CPU.ActiveCfg = Release|Any CPU
		{DAFC549C-0113-454A-B7E5-1B873022A1D7}.Release|Any CPU.Build.0 = Release|Any CPU
	EndGlobalSection
	GlobalSection(SolutionProperties) = preSolution
		HideSolutionNode = FALSE
	EndGlobalSection
	GlobalSection(ExtensibilityGlobals) = postSolution
		SolutionGuid = {5948F627-F3B6-4E6C-BB52-564832AFDCB3}
	EndGlobalSection
EndGlobal
